// !$*UTF8*$!
{
	archiveVersion = 1;
	classes = {
	};
	objectVersion = 56;
	objects = {

/* Begin PBXBuildFile section */
		4E274EF22BDC573500EA7864 /* weatherAppApp.swift in Sources */ = {isa = PBXBuildFile; fileRef = 4E274EF12BDC573500EA7864 /* weatherAppApp.swift */; };
		4E274EF42BDC573500EA7864 /* ContentView.swift in Sources */ = {isa = PBXBuildFile; fileRef = 4E274EF32BDC573500EA7864 /* ContentView.swift */; };
		4E274EF62BDC573600EA7864 /* Assets.xcassets in Resources */ = {isa = PBXBuildFile; fileRef = 4E274EF52BDC573600EA7864 /* Assets.xcassets */; };
		4E274EF92BDC573600EA7864 /* Preview Assets.xcassets in Resources */ = {isa = PBXBuildFile; fileRef = 4E274EF82BDC573600EA7864 /* Preview Assets.xcassets */; };
		4E2D14442BE078FE001176FA /* WeatherButton.swift in Sources */ = {isa = PBXBuildFile; fileRef = 4E2D14432BE078FE001176FA /* WeatherButton.swift */; };
		4E2D14492BE09C9F001176FA /* OpenMeteoSdk in Frameworks */ = {isa = PBXBuildFile; productRef = 4E2D14482BE09C9F001176FA /* OpenMeteoSdk */; };
		4E2D144B2BE09D32001176FA /* fetchWeather.swift in Sources */ = {isa = PBXBuildFile; fileRef = 4E2D144A2BE09D32001176FA /* fetchWeather.swift */; };
		4E2D144D2BE1B719001176FA /* CurrentTemperature.swift in Sources */ = {isa = PBXBuildFile; fileRef = 4E2D144C2BE1B719001176FA /* CurrentTemperature.swift */; };
		4E7A975F2BE5BD87006CB510 /* HourlyWeather.swift in Sources */ = {isa = PBXBuildFile; fileRef = 4E7A975E2BE5BD87006CB510 /* HourlyWeather.swift */; };
		4E7A97612BE6D1FD006CB510 /* stickyHeader.swift in Sources */ = {isa = PBXBuildFile; fileRef = 4E7A97602BE6D1FD006CB510 /* stickyHeader.swift */; };
		4E7A97632BE6D8A4006CB510 /* getLocation.swift in Sources */ = {isa = PBXBuildFile; fileRef = 4E7A97622BE6D8A4006CB510 /* getLocation.swift */; };
		4E7A97652BE70822006CB510 /* windSpeed.swift in Sources */ = {isa = PBXBuildFile; fileRef = 4E7A97642BE70822006CB510 /* windSpeed.swift */; };
/* End PBXBuildFile section */

/* Begin PBXFileReference section */
		4E0F07A52BE20806002A557B /* weatherApp.entitlements */ = {isa = PBXFileReference; lastKnownFileType = text.plist.entitlements; path = weatherApp.entitlements; sourceTree = "<group>"; };
		4E274EEE2BDC573500EA7864 /* weatherApp.app */ = {isa = PBXFileReference; explicitFileType = wrapper.application; includeInIndex = 0; path = weatherApp.app; sourceTree = BUILT_PRODUCTS_DIR; };
		4E274EF12BDC573500EA7864 /* weatherAppApp.swift */ = {isa = PBXFileReference; lastKnownFileType = sourcecode.swift; path = weatherAppApp.swift; sourceTree = "<group>"; };
		4E274EF32BDC573500EA7864 /* ContentView.swift */ = {isa = PBXFileReference; lastKnownFileType = sourcecode.swift; path = ContentView.swift; sourceTree = "<group>"; };
		4E274EF52BDC573600EA7864 /* Assets.xcassets */ = {isa = PBXFileReference; lastKnownFileType = folder.assetcatalog; path = Assets.xcassets; sourceTree = "<group>"; };
		4E274EF82BDC573600EA7864 /* Preview Assets.xcassets */ = {isa = PBXFileReference; lastKnownFileType = folder.assetcatalog; path = "Preview Assets.xcassets"; sourceTree = "<group>"; };
		4E2D14432BE078FE001176FA /* WeatherButton.swift */ = {isa = PBXFileReference; lastKnownFileType = sourcecode.swift; path = WeatherButton.swift; sourceTree = "<group>"; };
		4E2D144A2BE09D32001176FA /* fetchWeather.swift */ = {isa = PBXFileReference; lastKnownFileType = sourcecode.swift; path = fetchWeather.swift; sourceTree = "<group>"; };
		4E2D144C2BE1B719001176FA /* CurrentTemperature.swift */ = {isa = PBXFileReference; lastKnownFileType = sourcecode.swift; path = CurrentTemperature.swift; sourceTree = "<group>"; };
		4E7A975E2BE5BD87006CB510 /* HourlyWeather.swift */ = {isa = PBXFileReference; lastKnownFileType = sourcecode.swift; path = HourlyWeather.swift; sourceTree = "<group>"; };
		4E7A97602BE6D1FD006CB510 /* stickyHeader.swift */ = {isa = PBXFileReference; lastKnownFileType = sourcecode.swift; path = stickyHeader.swift; sourceTree = "<group>"; };
		4E7A97622BE6D8A4006CB510 /* getLocation.swift */ = {isa = PBXFileReference; lastKnownFileType = sourcecode.swift; path = getLocation.swift; sourceTree = "<group>"; };
		4E7A97642BE70822006CB510 /* windSpeed.swift */ = {isa = PBXFileReference; lastKnownFileType = sourcecode.swift; path = windSpeed.swift; sourceTree = "<group>"; };
/* End PBXFileReference section */

/* Begin PBXFrameworksBuildPhase section */
		4E274EEB2BDC573500EA7864 /* Frameworks */ = {
			isa = PBXFrameworksBuildPhase;
			buildActionMask = 2147483647;
			files = (
				4E2D14492BE09C9F001176FA /* OpenMeteoSdk in Frameworks */,
			);
			runOnlyForDeploymentPostprocessing = 0;
		};
/* End PBXFrameworksBuildPhase section */

/* Begin PBXGroup section */
		4E274EE52BDC573500EA7864 = {
			isa = PBXGroup;
			children = (
				4E7A97642BE70822006CB510 /* windSpeed.swift */,
				4E7A97602BE6D1FD006CB510 /* stickyHeader.swift */,
				4E274EF02BDC573500EA7864 /* weatherApp */,
				4E274EEF2BDC573500EA7864 /* Products */,
			);
			sourceTree = "<group>";
		};
		4E274EEF2BDC573500EA7864 /* Products */ = {
			isa = PBXGroup;
			children = (
				4E274EEE2BDC573500EA7864 /* weatherApp.app */,
			);
			name = Products;
			sourceTree = "<group>";
		};
		4E274EF02BDC573500EA7864 /* weatherApp */ = {
			isa = PBXGroup;
			children = (
				4E0F07A52BE20806002A557B /* weatherApp.entitlements */,
				4E2D14432BE078FE001176FA /* WeatherButton.swift */,
				4E274EF12BDC573500EA7864 /* weatherAppApp.swift */,
				4E274EF32BDC573500EA7864 /* ContentView.swift */,
				4E274EF52BDC573600EA7864 /* Assets.xcassets */,
				4E274EF72BDC573600EA7864 /* Preview Content */,
				4E2D144A2BE09D32001176FA /* fetchWeather.swift */,
				4E2D144C2BE1B719001176FA /* CurrentTemperature.swift */,
				4E7A975E2BE5BD87006CB510 /* HourlyWeather.swift */,
				4E7A97622BE6D8A4006CB510 /* getLocation.swift */,
			);
			path = weatherApp;
			sourceTree = "<group>";
		};
		4E274EF72BDC573600EA7864 /* Preview Content */ = {
			isa = PBXGroup;
			children = (
				4E274EF82BDC573600EA7864 /* Preview Assets.xcassets */,
			);
			path = "Preview Content";
			sourceTree = "<group>";
		};
/* End PBXGroup section */

/* Begin PBXNativeTarget section */
		4E274EED2BDC573500EA7864 /* weatherApp */ = {
			isa = PBXNativeTarget;
			buildConfigurationList = 4E274EFC2BDC573600EA7864 /* Build configuration list for PBXNativeTarget "weatherApp" */;
			buildPhases = (
				4E274EEA2BDC573500EA7864 /* Sources */,
				4E274EEB2BDC573500EA7864 /* Frameworks */,
				4E274EEC2BDC573500EA7864 /* Resources */,
			);
			buildRules = (
			);
			dependencies = (
			);
			name = weatherApp;
			packageProductDependencies = (
				4E2D14482BE09C9F001176FA /* OpenMeteoSdk */,
			);
			productName = weatherApp;
			productReference = 4E274EEE2BDC573500EA7864 /* weatherApp.app */;
			productType = "com.apple.product-type.application";
		};
/* End PBXNativeTarget section */

/* Begin PBXProject section */
		4E274EE62BDC573500EA7864 /* Project object */ = {
			isa = PBXProject;
			attributes = {
				BuildIndependentTargetsInParallel = 1;
				LastSwiftUpdateCheck = 1520;
				LastUpgradeCheck = 1520;
				TargetAttributes = {
					4E274EED2BDC573500EA7864 = {
						CreatedOnToolsVersion = 15.2;
					};
				};
			};
			buildConfigurationList = 4E274EE92BDC573500EA7864 /* Build configuration list for PBXProject "weatherApp" */;
			compatibilityVersion = "Xcode 14.0";
			developmentRegion = en;
			hasScannedForEncodings = 0;
			knownRegions = (
				en,
				Base,
			);
			mainGroup = 4E274EE52BDC573500EA7864;
			packageReferences = (
				4E2D14472BE09C9F001176FA /* XCRemoteSwiftPackageReference "sdk" */,
			);
			productRefGroup = 4E274EEF2BDC573500EA7864 /* Products */;
			projectDirPath = "";
			projectRoot = "";
			targets = (
				4E274EED2BDC573500EA7864 /* weatherApp */,
			);
		};
/* End PBXProject section */

/* Begin PBXResourcesBuildPhase section */
		4E274EEC2BDC573500EA7864 /* Resources */ = {
			isa = PBXResourcesBuildPhase;
			buildActionMask = 2147483647;
			files = (
				4E274EF92BDC573600EA7864 /* Preview Assets.xcassets in Resources */,
				4E274EF62BDC573600EA7864 /* Assets.xcassets in Resources */,
			);
			runOnlyForDeploymentPostprocessing = 0;
		};
/* End PBXResourcesBuildPhase section */

/* Begin PBXSourcesBuildPhase section */
		4E274EEA2BDC573500EA7864 /* Sources */ = {
			isa = PBXSourcesBuildPhase;
			buildActionMask = 2147483647;
			files = (
				4E2D144D2BE1B719001176FA /* CurrentTemperature.swift in Sources */,
				4E274EF42BDC573500EA7864 /* ContentView.swift in Sources */,
				4E7A97612BE6D1FD006CB510 /* stickyHeader.swift in Sources */,
				4E274EF22BDC573500EA7864 /* weatherAppApp.swift in Sources */,
				4E7A975F2BE5BD87006CB510 /* HourlyWeather.swift in Sources */,
				4E7A97652BE70822006CB510 /* windSpeed.swift in Sources */,
				4E7A97632BE6D8A4006CB510 /* getLocation.swift in Sources */,
				4E2D14442BE078FE001176FA /* WeatherButton.swift in Sources */,
				4E2D144B2BE09D32001176FA /* fetchWeather.swift in Sources */,
			);
			runOnlyForDeploymentPostprocessing = 0;
		};
/* End PBXSourcesBuildPhase section */

/* Begin XCBuildConfiguration section */
		4E274EFA2BDC573600EA7864 /* Debug */ = {
			isa = XCBuildConfiguration;
			buildSettings = {
				ALWAYS_SEARCH_USER_PATHS = NO;
				ASSETCATALOG_COMPILER_GENERATE_SWIFT_ASSET_SYMBOL_EXTENSIONS = YES;
				CLANG_ANALYZER_NONNULL = YES;
				CLANG_ANALYZER_NUMBER_OBJECT_CONVERSION = YES_AGGRESSIVE;
				CLANG_CXX_LANGUAGE_STANDARD = "gnu++20";
				CLANG_ENABLE_MODULES = YES;
				CLANG_ENABLE_OBJC_ARC = YES;
				CLANG_ENABLE_OBJC_WEAK = YES;
				CLANG_WARN_BLOCK_CAPTURE_AUTORELEASING = YES;
				CLANG_WARN_BOOL_CONVERSION = YES;
				CLANG_WARN_COMMA = YES;
				CLANG_WARN_CONSTANT_CONVERSION = YES;
				CLANG_WARN_DEPRECATED_OBJC_IMPLEMENTATIONS = YES;
				CLANG_WARN_DIRECT_OBJC_ISA_USAGE = YES_ERROR;
				CLANG_WARN_DOCUMENTATION_COMMENTS = YES;
				CLANG_WARN_EMPTY_BODY = YES;
				CLANG_WARN_ENUM_CONVERSION = YES;
				CLANG_WARN_INFINITE_RECURSION = YES;
				CLANG_WARN_INT_CONVERSION = YES;
				CLANG_WARN_NON_LITERAL_NULL_CONVERSION = YES;
				CLANG_WARN_OBJC_IMPLICIT_RETAIN_SELF = YES;
				CLANG_WARN_OBJC_LITERAL_CONVERSION = YES;
				CLANG_WARN_OBJC_ROOT_CLASS = YES_ERROR;
				CLANG_WARN_QUOTED_INCLUDE_IN_FRAMEWORK_HEADER = YES;
				CLANG_WARN_RANGE_LOOP_ANALYSIS = YES;
				CLANG_WARN_STRICT_PROTOTYPES = YES;
				CLANG_WARN_SUSPICIOUS_MOVE = YES;
				CLANG_WARN_UNGUARDED_AVAILABILITY = YES_AGGRESSIVE;
				CLANG_WARN_UNREACHABLE_CODE = YES;
				CLANG_WARN__DUPLICATE_METHOD_MATCH = YES;
				COPY_PHASE_STRIP = NO;
				DEBUG_INFORMATION_FORMAT = dwarf;
				ENABLE_STRICT_OBJC_MSGSEND = YES;
				ENABLE_TESTABILITY = YES;
				ENABLE_USER_SCRIPT_SANDBOXING = YES;
				GCC_C_LANGUAGE_STANDARD = gnu17;
				GCC_DYNAMIC_NO_PIC = NO;
				GCC_NO_COMMON_BLOCKS = YES;
				GCC_OPTIMIZATION_LEVEL = 0;
				GCC_PREPROCESSOR_DEFINITIONS = (
					"DEBUG=1",
					"$(inherited)",
				);
				GCC_WARN_64_TO_32_BIT_CONVERSION = YES;
				GCC_WARN_ABOUT_RETURN_TYPE = YES_ERROR;
				GCC_WARN_UNDECLARED_SELECTOR = YES;
				GCC_WARN_UNINITIALIZED_AUTOS = YES_AGGRESSIVE;
				GCC_WARN_UNUSED_FUNCTION = YES;
				GCC_WARN_UNUSED_VARIABLE = YES;
				IPHONEOS_DEPLOYMENT_TARGET = 17.2;
				LOCALIZATION_PREFERS_STRING_CATALOGS = YES;
				MTL_ENABLE_DEBUG_INFO = INCLUDE_SOURCE;
				MTL_FAST_MATH = YES;
				ONLY_ACTIVE_ARCH = YES;
				SDKROOT = iphoneos;
				SWIFT_ACTIVE_COMPILATION_CONDITIONS = "DEBUG $(inherited)";
				SWIFT_OPTIMIZATION_LEVEL = "-Onone";
			};
			name = Debug;
		};
		4E274EFB2BDC573600EA7864 /* Release */ = {
			isa = XCBuildConfiguration;
			buildSettings = {
				ALWAYS_SEARCH_USER_PATHS = NO;
				ASSETCATALOG_COMPILER_GENERATE_SWIFT_ASSET_SYMBOL_EXTENSIONS = YES;
				CLANG_ANALYZER_NONNULL = YES;
				CLANG_ANALYZER_NUMBER_OBJECT_CONVERSION = YES_AGGRESSIVE;
				CLANG_CXX_LANGUAGE_STANDARD = "gnu++20";
				CLANG_ENABLE_MODULES = YES;
				CLANG_ENABLE_OBJC_ARC = YES;
				CLANG_ENABLE_OBJC_WEAK = YES;
				CLANG_WARN_BLOCK_CAPTURE_AUTORELEASING = YES;
				CLANG_WARN_BOOL_CONVERSION = YES;
				CLANG_WARN_COMMA = YES;
				CLANG_WARN_CONSTANT_CONVERSION = YES;
				CLANG_WARN_DEPRECATED_OBJC_IMPLEMENTATIONS = YES;
				CLANG_WARN_DIRECT_OBJC_ISA_USAGE = YES_ERROR;
				CLANG_WARN_DOCUMENTATION_COMMENTS = YES;
				CLANG_WARN_EMPTY_BODY = YES;
				CLANG_WARN_ENUM_CONVERSION = YES;
				CLANG_WARN_INFINITE_RECURSION = YES;
				CLANG_WARN_INT_CONVERSION = YES;
				CLANG_WARN_NON_LITERAL_NULL_CONVERSION = YES;
				CLANG_WARN_OBJC_IMPLICIT_RETAIN_SELF = YES;
				CLANG_WARN_OBJC_LITERAL_CONVERSION = YES;
				CLANG_WARN_OBJC_ROOT_CLASS = YES_ERROR;
				CLANG_WARN_QUOTED_INCLUDE_IN_FRAMEWORK_HEADER = YES;
				CLANG_WARN_RANGE_LOOP_ANALYSIS = YES;
				CLANG_WARN_STRICT_PROTOTYPES = YES;
				CLANG_WARN_SUSPICIOUS_MOVE = YES;
				CLANG_WARN_UNGUARDED_AVAILABILITY = YES_AGGRESSIVE;
				CLANG_WARN_UNREACHABLE_CODE = YES;
				CLANG_WARN__DUPLICATE_METHOD_MATCH = YES;
				COPY_PHASE_STRIP = NO;
				DEBUG_INFORMATION_FORMAT = "dwarf-with-dsym";
				ENABLE_NS_ASSERTIONS = NO;
				ENABLE_STRICT_OBJC_MSGSEND = YES;
				ENABLE_USER_SCRIPT_SANDBOXING = YES;
				GCC_C_LANGUAGE_STANDARD = gnu17;
				GCC_NO_COMMON_BLOCKS = YES;
				GCC_WARN_64_TO_32_BIT_CONVERSION = YES;
				GCC_WARN_ABOUT_RETURN_TYPE = YES_ERROR;
				GCC_WARN_UNDECLARED_SELECTOR = YES;
				GCC_WARN_UNINITIALIZED_AUTOS = YES_AGGRESSIVE;
				GCC_WARN_UNUSED_FUNCTION = YES;
				GCC_WARN_UNUSED_VARIABLE = YES;
				IPHONEOS_DEPLOYMENT_TARGET = 17.2;
				LOCALIZATION_PREFERS_STRING_CATALOGS = YES;
				MTL_ENABLE_DEBUG_INFO = NO;
				MTL_FAST_MATH = YES;
				SDKROOT = iphoneos;
				SWIFT_COMPILATION_MODE = wholemodule;
				VALIDATE_PRODUCT = YES;
			};
			name = Release;
		};
		4E274EFD2BDC573600EA7864 /* Debug */ = {
			isa = XCBuildConfiguration;
			buildSettings = {
				ASSETCATALOG_COMPILER_APPICON_NAME = AppIcon;
				ASSETCATALOG_COMPILER_GLOBAL_ACCENT_COLOR_NAME = AccentColor;
				CODE_SIGN_ENTITLEMENTS = weatherApp/weatherApp.entitlements;
				CODE_SIGN_STYLE = Automatic;
				CURRENT_PROJECT_VERSION = 1;
				DEVELOPMENT_ASSET_PATHS = "\"weatherApp/Preview Content\"";
				DEVELOPMENT_TEAM = WX5K9JBL36;
				ENABLE_PREVIEWS = YES;
				GENERATE_INFOPLIST_FILE = YES;
				INFOPLIST_KEY_LSApplicationCategoryType = "public.app-category.weather";
				INFOPLIST_KEY_NSLocationWhenInUseUsageDescription = "we want to access your location";
				INFOPLIST_KEY_UIApplicationSceneManifest_Generation = YES;
				INFOPLIST_KEY_UIApplicationSupportsIndirectInputEvents = YES;
				INFOPLIST_KEY_UILaunchScreen_Generation = YES;
				INFOPLIST_KEY_UIStatusBarStyle = "";
				INFOPLIST_KEY_UISupportedInterfaceOrientations = UIInterfaceOrientationPortrait;
				INFOPLIST_KEY_UISupportedInterfaceOrientations_iPad = "UIInterfaceOrientationLandscapeLeft UIInterfaceOrientationLandscapeRight UIInterfaceOrientationPortrait UIInterfaceOrientationPortraitUpsideDown";
				LD_RUNPATH_SEARCH_PATHS = (
					"$(inherited)",
					"@executable_path/Frameworks",
				);
				MARKETING_VERSION = 1.0;
				PRODUCT_BUNDLE_IDENTIFIER = HarryGabbi1;
				PRODUCT_NAME = "$(TARGET_NAME)";
				SWIFT_EMIT_LOC_STRINGS = YES;
				SWIFT_VERSION = 5.0;
				TARGETED_DEVICE_FAMILY = "1,2";
			};
			name = Debug;
		};
		4E274EFE2BDC573600EA7864 /* Release */ = {
			isa = XCBuildConfiguration;
			buildSettings = {
				ASSETCATALOG_COMPILER_APPICON_NAME = AppIcon;
				ASSETCATALOG_COMPILER_GLOBAL_ACCENT_COLOR_NAME = AccentColor;
				CODE_SIGN_ENTITLEMENTS = weatherApp/weatherApp.entitlements;
				CODE_SIGN_STYLE = Automatic;
				CURRENT_PROJECT_VERSION = 1;
				DEVELOPMENT_ASSET_PATHS = "\"weatherApp/Preview Content\"";
				DEVELOPMENT_TEAM = WX5K9JBL36;
				ENABLE_PREVIEWS = YES;
				GENERATE_INFOPLIST_FILE = YES;
				INFOPLIST_KEY_LSApplicationCategoryType = "public.app-category.weather";
				INFOPLIST_KEY_NSLocationWhenInUseUsageDescription = "we want to access your location";
				INFOPLIST_KEY_UIApplicationSceneManifest_Generation = YES;
				INFOPLIST_KEY_UIApplicationSupportsIndirectInputEvents = YES;
				INFOPLIST_KEY_UILaunchScreen_Generation = YES;
				INFOPLIST_KEY_UIStatusBarStyle = "";
				INFOPLIST_KEY_UISupportedInterfaceOrientations = UIInterfaceOrientationPortrait;
				INFOPLIST_KEY_UISupportedInterfaceOrientations_iPad = "UIInterfaceOrientationLandscapeLeft UIInterfaceOrientationLandscapeRight UIInterfaceOrientationPortrait UIInterfaceOrientationPortraitUpsideDown";
				LD_RUNPATH_SEARCH_PATHS = (
					"$(inherited)",
					"@executable_path/Frameworks",
				);
				MARKETING_VERSION = 1.0;
				PRODUCT_BUNDLE_IDENTIFIER = HarryGabbi1;
				PRODUCT_NAME = "$(TARGET_NAME)";
				SWIFT_EMIT_LOC_STRINGS = YES;
				SWIFT_VERSION = 5.0;
				TARGETED_DEVICE_FAMILY = "1,2";
			};
			name = Release;
		};
/* End XCBuildConfiguration section */

/* Begin XCConfigurationList section */
		4E274EE92BDC573500EA7864 /* Build configuration list for PBXProject "weatherApp" */ = {
			isa = XCConfigurationList;
			buildConfigurations = (
				4E274EFA2BDC573600EA7864 /* Debug */,
				4E274EFB2BDC573600EA7864 /* Release */,
			);
			defaultConfigurationIsVisible = 0;
			defaultConfigurationName = Release;
		};
		4E274EFC2BDC573600EA7864 /* Build configuration list for PBXNativeTarget "weatherApp" */ = {
			isa = XCConfigurationList;
			buildConfigurations = (
				4E274EFD2BDC573600EA7864 /* Debug */,
				4E274EFE2BDC573600EA7864 /* Release */,
			);
			defaultConfigurationIsVisible = 0;
			defaultConfigurationName = Release;
		};
/* End XCConfigurationList section */

/* Begin XCRemoteSwiftPackageReference section */
		4E2D14472BE09C9F001176FA /* XCRemoteSwiftPackageReference "sdk" */ = {
			isa = XCRemoteSwiftPackageReference;
			repositoryURL = "https://github.com/open-meteo/sdk.git";
			requirement = {
				branch = main;
				kind = branch;
			};
		};
/* End XCRemoteSwiftPackageReference section */

/* Begin XCSwiftPackageProductDependency section */
		4E2D14482BE09C9F001176FA /* OpenMeteoSdk */ = {
			isa = XCSwiftPackageProductDependency;
			package = 4E2D14472BE09C9F001176FA /* XCRemoteSwiftPackageReference "sdk" */;
			productName = OpenMeteoSdk;
		};
/* End XCSwiftPackageProductDependency section */
	};
	rootObject = 4E274EE62BDC573500EA7864 /* Project object */;
}
